
Microsoft Visual Studio Solution File, Format Version 12.00
# Visual Studio 15
VisualStudioVersion = 15.0.28307.572
MinimumVisualStudioVersion = 10.0.40219.1
Project("{FAE04EC0-301F-11D3-BF4B-00C04F79EFBC}") = "lab3", "lab3\lab3.csproj", "{831F03D8-2810-4838-AE74-0F5F7FABB781}"
EndProject
Project("{FAE04EC0-301F-11D3-BF4B-00C04F79EFBC}") = "lab4", "lab4\lab4.csproj", "{F5936C47-052C-4093-BEEE-29FD247EB0B3}"
EndProject
Project("{FAE04EC0-301F-11D3-BF4B-00C04F79EFBC}") = "lab5", "lab5\lab5.csproj", "{D9368211-562E-44F1-BC97-A1203413245B}"
EndProject
Project("{FAE04EC0-301F-11D3-BF4B-00C04F79EFBC}") = "lab6", "lab6\lab6.csproj", "{2D506F1E-E958-4EEA-8244-7B41EFC0ADA3}"
EndProject
Project("{FAE04EC0-301F-11D3-BF4B-00C04F79EFBC}") = "lab6.1", "lab6.1\lab6.1.csproj", "{577B4EAF-2034-4B8C-9267-84A7713D8A15}"
EndProject
Project("{FAE04EC0-301F-11D3-BF4B-00C04F79EFBC}") = "lab7", "lab7\lab7.csproj", "{53377CC0-1EA6-4440-BCD2-22ECD1907F73}"
EndProject
Project("{FAE04EC0-301F-11D3-BF4B-00C04F79EFBC}") = "Lab8", "Lab8\Lab8.csproj", "{BB5EAA2A-2A9F-4B18-B3C3-BB996BAEF7B5}"
EndProject
Project("{FAE04EC0-301F-11D3-BF4B-00C04F79EFBC}") = "lab9", "lab9\lab9.csproj", "{8B2072CE-903C-497C-BC69-577CC84B8BFD}"
EndProject
Project("{FAE04EC0-301F-11D3-BF4B-00C04F79EFBC}") = "lab10", "lab10\lab10.csproj", "{6CDCB229-4243-47DB-BE31-200DDA78686A}"
EndProject
Project("{FAE04EC0-301F-11D3-BF4B-00C04F79EFBC}") = "lab12", "lab12\lab12.csproj", "{AE0E7CD2-B00E-496F-8F5B-50E0F2463EA4}"
EndProject
Global
	GlobalSection(SolutionConfigurationPlatforms) = preSolution
		Debug|Any CPU = Debug|Any CPU
		Release|Any CPU = Release|Any CPU
	EndGlobalSection
	GlobalSection(ProjectConfigurationPlatforms) = postSolution
		{831F03D8-2810-4838-AE74-0F5F7FABB781}.Debug|Any CPU.ActiveCfg = Debug|Any CPU
		{831F03D8-2810-4838-AE74-0F5F7FABB781}.Debug|Any CPU.Build.0 = Debug|Any CPU
		{831F03D8-2810-4838-AE74-0F5F7FABB781}.Release|Any CPU.ActiveCfg = Release|Any CPU
		{831F03D8-2810-4838-AE74-0F5F7FABB781}.Release|Any CPU.Build.0 = Release|Any CPU
		{F5936C47-052C-4093-BEEE-29FD247EB0B3}.Debug|Any CPU.ActiveCfg = Debug|Any CPU
		{F5936C47-052C-4093-BEEE-29FD247EB0B3}.Debug|Any CPU.Build.0 = Debug|Any CPU
		{F5936C47-052C-4093-BEEE-29FD247EB0B3}.Release|Any CPU.ActiveCfg = Release|Any CPU
		{F5936C47-052C-4093-BEEE-29FD247EB0B3}.Release|Any CPU.Build.0 = Release|Any CPU
		{D9368211-562E-44F1-BC97-A1203413245B}.Debug|Any CPU.ActiveCfg = Debug|Any CPU
		{D9368211-562E-44F1-BC97-A1203413245B}.Debug|Any CPU.Build.0 = Debug|Any CPU
		{D9368211-562E-44F1-BC97-A1203413245B}.Release|Any CPU.ActiveCfg = Release|Any CPU
		{D9368211-562E-44F1-BC97-A1203413245B}.Release|Any CPU.Build.0 = Release|Any CPU
		{2D506F1E-E958-4EEA-8244-7B41EFC0ADA3}.Debug|Any CPU.ActiveCfg = Debug|Any CPU
		{2D506F1E-E958-4EEA-8244-7B41EFC0ADA3}.Debug|Any CPU.Build.0 = Debug|Any CPU
		{2D506F1E-E958-4EEA-8244-7B41EFC0ADA3}.Release|Any CPU.ActiveCfg = Release|Any CPU
		{2D506F1E-E958-4EEA-8244-7B41EFC0ADA3}.Release|Any CPU.Build.0 = Release|Any CPU
		{577B4EAF-2034-4B8C-9267-84A7713D8A15}.Debug|Any CPU.ActiveCfg = Debug|Any CPU
		{577B4EAF-2034-4B8C-9267-84A7713D8A15}.Debug|Any CPU.Build.0 = Debug|Any CPU
		{577B4EAF-2034-4B8C-9267-84A7713D8A15}.Release|Any CPU.ActiveCfg = Release|Any CPU
		{577B4EAF-2034-4B8C-9267-84A7713D8A15}.Release|Any CPU.Build.0 = Release|Any CPU
		{53377CC0-1EA6-4440-BCD2-22ECD1907F73}.Debug|Any CPU.ActiveCfg = Debug|Any CPU
		{53377CC0-1EA6-4440-BCD2-22ECD1907F73}.Debug|Any CPU.Build.0 = Debug|Any CPU
		{53377CC0-1EA6-4440-BCD2-22ECD1907F73}.Release|Any CPU.ActiveCfg = Release|Any CPU
		{53377CC0-1EA6-4440-BCD2-22ECD1907F73}.Release|Any CPU.Build.0 = Release|Any CPU
		{BB5EAA2A-2A9F-4B18-B3C3-BB996BAEF7B5}.Debug|Any CPU.ActiveCfg = Debug|Any CPU
		{BB5EAA2A-2A9F-4B18-B3C3-BB996BAEF7B5}.Debug|Any CPU.Build.0 = Debug|Any CPU
		{BB5EAA2A-2A9F-4B18-B3C3-BB996BAEF7B5}.Release|Any CPU.ActiveCfg = Release|Any CPU
		{BB5EAA2A-2A9F-4B18-B3C3-BB996BAEF7B5}.Release|Any CPU.Build.0 = Release|Any CPU
		{8B2072CE-903C-497C-BC69-577CC84B8BFD}.Debug|Any CPU.ActiveCfg = Debug|Any CPU
		{8B2072CE-903C-497C-BC69-577CC84B8BFD}.Debug|Any CPU.Build.0 = Debug|Any CPU
		{8B2072CE-903C-497C-BC69-577CC84B8BFD}.Release|Any CPU.ActiveCfg = Release|Any CPU
		{8B2072CE-903C-497C-BC69-577CC84B8BFD}.Release|Any CPU.Build.0 = Release|Any CPU
		{6CDCB229-4243-47DB-BE31-200DDA78686A}.Debug|Any CPU.ActiveCfg = Debug|Any CPU
		{6CDCB229-4243-47DB-BE31-200DDA78686A}.Debug|Any CPU.Build.0 = Debug|Any CPU
		{6CDCB229-4243-47DB-BE31-200DDA78686A}.Release|Any CPU.ActiveCfg = Release|Any CPU
		{6CDCB229-4243-47DB-BE31-200DDA78686A}.Release|Any CPU.Build.0 = Release|Any CPU
		{AE0E7CD2-B00E-496F-8F5B-50E0F2463EA4}.Debug|Any CPU.ActiveCfg = Debug|Any CPU
		{AE0E7CD2-B00E-496F-8F5B-50E0F2463EA4}.Debug|Any CPU.Build.0 = Debug|Any CPU
		{AE0E7CD2-B00E-496F-8F5B-50E0F2463EA4}.Release|Any CPU.ActiveCfg = Release|Any CPU
		{AE0E7CD2-B00E-496F-8F5B-50E0F2463EA4}.Release|Any CPU.Build.0 = Release|Any CPU
	EndGlobalSection
	GlobalSection(SolutionProperties) = preSolution
		HideSolutionNode = FALSE
	EndGlobalSection
	GlobalSection(ExtensibilityGlobals) = postSolution
		SolutionGuid = {F40D2AD9-BF8A-46C4-AEA0-ADFCD03A5108}
	EndGlobalSection
EndGlobal
